// !$*UTF8*$!
{
	archiveVersion = 1;
	classes = {
	};
	objectVersion = 46;
	objects = {

/* Begin PBXBuildFile section */
		4524F80419CF6C1800B7A6A7 /* WelcomeViewController.swift in Sources */ = {isa = PBXBuildFile; fileRef = 4524F80319CF6C1800B7A6A7 /* WelcomeViewController.swift */; };
		45BE5E3919CE86C00056891F /* AppDelegate.swift in Sources */ = {isa = PBXBuildFile; fileRef = 45BE5E3819CE86C00056891F /* AppDelegate.swift */; };
		45BE5E3B19CE86C00056891F /* ViewController.swift in Sources */ = {isa = PBXBuildFile; fileRef = 45BE5E3A19CE86C00056891F /* ViewController.swift */; };
		45BE5E3E19CE86C00056891F /* Main.storyboard in Resources */ = {isa = PBXBuildFile; fileRef = 45BE5E3C19CE86C00056891F /* Main.storyboard */; };
		45BE5E4019CE86C00056891F /* Images.xcassets in Resources */ = {isa = PBXBuildFile; fileRef = 45BE5E3F19CE86C00056891F /* Images.xcassets */; };
		45BE5E4319CE86C00056891F /* LaunchScreen.xib in Resources */ = {isa = PBXBuildFile; fileRef = 45BE5E4119CE86C00056891F /* LaunchScreen.xib */; };
		45BE5E4F19CE86C00056891F /* carouselApp_omTests.swift in Sources */ = {isa = PBXBuildFile; fileRef = 45BE5E4E19CE86C00056891F /* carouselApp_omTests.swift */; };
		45BE5E5919CE87530056891F /* ScrollViewController.swift in Sources */ = {isa = PBXBuildFile; fileRef = 45BE5E5819CE87530056891F /* ScrollViewController.swift */; };
/* End PBXBuildFile section */

/* Begin PBXContainerItemProxy section */
		45BE5E4919CE86C00056891F /* PBXContainerItemProxy */ = {
			isa = PBXContainerItemProxy;
			containerPortal = 45BE5E2B19CE86C00056891F /* Project object */;
			proxyType = 1;
			remoteGlobalIDString = 45BE5E3219CE86C00056891F;
			remoteInfo = "carouselApp-om";
		};
/* End PBXContainerItemProxy section */

/* Begin PBXFileReference section */
		4524F80319CF6C1800B7A6A7 /* WelcomeViewController.swift */ = {isa = PBXFileReference; fileEncoding = 4; lastKnownFileType = sourcecode.swift; path = WelcomeViewController.swift; sourceTree = "<group>"; };
		45BE5E3319CE86C00056891F /* carouselApp-om.app */ = {isa = PBXFileReference; explicitFileType = wrapper.application; includeInIndex = 0; path = "carouselApp-om.app"; sourceTree = BUILT_PRODUCTS_DIR; };
		45BE5E3719CE86C00056891F /* Info.plist */ = {isa = PBXFileReference; lastKnownFileType = text.plist.xml; path = Info.plist; sourceTree = "<group>"; };
		45BE5E3819CE86C00056891F /* AppDelegate.swift */ = {isa = PBXFileReference; lastKnownFileType = sourcecode.swift; path = AppDelegate.swift; sourceTree = "<group>"; };
		45BE5E3A19CE86C00056891F /* ViewController.swift */ = {isa = PBXFileReference; lastKnownFileType = sourcecode.swift; path = ViewController.swift; sourceTree = "<group>"; };
		45BE5E3D19CE86C00056891F /* Base */ = {isa = PBXFileReference; lastKnownFileType = file.storyboard; name = Base; path = Base.lproj/Main.storyboard; sourceTree = "<group>"; };
		45BE5E3F19CE86C00056891F /* Images.xcassets */ = {isa = PBXFileReference; lastKnownFileType = folder.assetcatalog; path = Images.xcassets; sourceTree = "<group>"; };
		45BE5E4219CE86C00056891F /* Base */ = {isa = PBXFileReference; lastKnownFileType = file.xib; name = Base; path = Base.lproj/LaunchScreen.xib; sourceTree = "<group>"; };
		45BE5E4819CE86C00056891F /* carouselApp-omTests.xctest */ = {isa = PBXFileReference; explicitFileType = wrapper.cfbundle; includeInIndex = 0; path = "carouselApp-omTests.xctest"; sourceTree = BUILT_PRODUCTS_DIR; };
		45BE5E4D19CE86C00056891F /* Info.plist */ = {isa = PBXFileReference; lastKnownFileType = text.plist.xml; path = Info.plist; sourceTree = "<group>"; };
		45BE5E4E19CE86C00056891F /* carouselApp_omTests.swift */ = {isa = PBXFileReference; lastKnownFileType = sourcecode.swift; path = carouselApp_omTests.swift; sourceTree = "<group>"; };
		45BE5E5819CE87530056891F /* ScrollViewController.swift */ = {isa = PBXFileReference; fileEncoding = 4; lastKnownFileType = sourcecode.swift; path = ScrollViewController.swift; sourceTree = "<group>"; };
/* End PBXFileReference section */

/* Begin PBXFrameworksBuildPhase section */
		45BE5E3019CE86C00056891F /* Frameworks */ = {
			isa = PBXFrameworksBuildPhase;
			buildActionMask = 2147483647;
			files = (
			);
			runOnlyForDeploymentPostprocessing = 0;
		};
		45BE5E4519CE86C00056891F /* Frameworks */ = {
			isa = PBXFrameworksBuildPhase;
			buildActionMask = 2147483647;
			files = (
			);
			runOnlyForDeploymentPostprocessing = 0;
		};
/* End PBXFrameworksBuildPhase section */

/* Begin PBXGroup section */
		45BE5E2A19CE86C00056891F = {
			isa = PBXGroup;
			children = (
				45BE5E3519CE86C00056891F /* carouselApp-om */,
				45BE5E4B19CE86C00056891F /* carouselApp-omTests */,
				45BE5E3419CE86C00056891F /* Products */,
			);
			sourceTree = "<group>";
		};
		45BE5E3419CE86C00056891F /* Products */ = {
			isa = PBXGroup;
			children = (
				45BE5E3319CE86C00056891F /* carouselApp-om.app */,
				45BE5E4819CE86C00056891F /* carouselApp-omTests.xctest */,
			);
			name = Products;
			sourceTree = "<group>";
		};
		45BE5E3519CE86C00056891F /* carouselApp-om */ = {
			isa = PBXGroup;
			children = (
				45BE5E3819CE86C00056891F /* AppDelegate.swift */,
				45BE5E3A19CE86C00056891F /* ViewController.swift */,
				45BE5E5819CE87530056891F /* ScrollViewController.swift */,
				45BE5E3C19CE86C00056891F /* Main.storyboard */,
				4524F80319CF6C1800B7A6A7 /* WelcomeViewController.swift */,
				45BE5E3F19CE86C00056891F /* Images.xcassets */,
				45BE5E4119CE86C00056891F /* LaunchScreen.xib */,
				45BE5E3619CE86C00056891F /* Supporting Files */,
			);
			path = "carouselApp-om";
			sourceTree = "<group>";
		};
		45BE5E3619CE86C00056891F /* Supporting Files */ = {
			isa = PBXGroup;
			children = (
				45BE5E3719CE86C00056891F /* Info.plist */,
			);
			name = "Supporting Files";
			sourceTree = "<group>";
		};
		45BE5E4B19CE86C00056891F /* carouselApp-omTests */ = {
			isa = PBXGroup;
			children = (
				45BE5E4E19CE86C00056891F /* carouselApp_omTests.swift */,
				45BE5E4C19CE86C00056891F /* Supporting Files */,
			);
			path = "carouselApp-omTests";
			sourceTree = "<group>";
		};
		45BE5E4C19CE86C00056891F /* Supporting Files */ = {
			isa = PBXGroup;
			children = (
				45BE5E4D19CE86C00056891F /* Info.plist */,
			);
			name = "Supporting Files";
			sourceTree = "<group>";
		};
/* End PBXGroup section */

/* Begin PBXNativeTarget section */
		45BE5E3219CE86C00056891F /* carouselApp-om */ = {
			isa = PBXNativeTarget;
			buildConfigurationList = 45BE5E5219CE86C00056891F /* Build configuration list for PBXNativeTarget "carouselApp-om" */;
			buildPhases = (
				45BE5E2F19CE86C00056891F /* Sources */,
				45BE5E3019CE86C00056891F /* Frameworks */,
				45BE5E3119CE86C00056891F /* Resources */,
			);
			buildRules = (
			);
			dependencies = (
			);
			name = "carouselApp-om";
			productName = "carouselApp-om";
			productReference = 45BE5E3319CE86C00056891F /* carouselApp-om.app */;
			productType = "com.apple.product-type.application";
		};
		45BE5E4719CE86C00056891F /* carouselApp-omTests */ = {
			isa = PBXNativeTarget;
			buildConfigurationList = 45BE5E5519CE86C00056891F /* Build configuration list for PBXNativeTarget "carouselApp-omTests" */;
			buildPhases = (
				45BE5E4419CE86C00056891F /* Sources */,
				45BE5E4519CE86C00056891F /* Frameworks */,
				45BE5E4619CE86C00056891F /* Resources */,
			);
			buildRules = (
			);
			dependencies = (
				45BE5E4A19CE86C00056891F /* PBXTargetDependency */,
			);
			name = "carouselApp-omTests";
			productName = "carouselApp-omTests";
			productReference = 45BE5E4819CE86C00056891F /* carouselApp-omTests.xctest */;
			productType = "com.apple.product-type.bundle.unit-test";
		};
/* End PBXNativeTarget section */

/* Begin PBXProject section */
		45BE5E2B19CE86C00056891F /* Project object */ = {
			isa = PBXProject;
			attributes = {
				LastUpgradeCheck = 0600;
				ORGANIZATIONNAME = "Olivia Muesse";
				TargetAttributes = {
					45BE5E3219CE86C00056891F = {
						CreatedOnToolsVersion = 6.0;
					};
					45BE5E4719CE86C00056891F = {
						CreatedOnToolsVersion = 6.0;
						TestTargetID = 45BE5E3219CE86C00056891F;
					};
				};
			};
			buildConfigurationList = 45BE5E2E19CE86C00056891F /* Build configuration list for PBXProject "carouselApp-om" */;
			compatibilityVersion = "Xcode 3.2";
			developmentRegion = English;
			hasScannedForEncodings = 0;
			knownRegions = (
				en,
				Base,
			);
			mainGroup = 45BE5E2A19CE86C00056891F;
			productRefGroup = 45BE5E3419CE86C00056891F /* Products */;
			projectDirPath = "";
			projectRoot = "";
			targets = (
				45BE5E3219CE86C00056891F /* carouselApp-om */,
				45BE5E4719CE86C00056891F /* carouselApp-omTests */,
			);
		};
/* End PBXProject section */

/* Begin PBXResourcesBuildPhase section */
		45BE5E3119CE86C00056891F /* Resources */ = {
			isa = PBXResourcesBuildPhase;
			buildActionMask = 2147483647;
			files = (
				45BE5E3E19CE86C00056891F /* Main.storyboard in Resources */,
				45BE5E4319CE86C00056891F /* LaunchScreen.xib in Resources */,
				45BE5E4019CE86C00056891F /* Images.xcassets in Resources */,
			);
			runOnlyForDeploymentPostprocessing = 0;
		};
		45BE5E4619CE86C00056891F /* Resources */ = {
			isa = PBXResourcesBuildPhase;
			buildActionMask = 2147483647;
			files = (
			);
			runOnlyForDeploymentPostprocessing = 0;
		};
/* End PBXResourcesBuildPhase section */

/* Begin PBXSourcesBuildPhase section */
		45BE5E2F19CE86C00056891F /* Sources */ = {
			isa = PBXSourcesBuildPhase;
			buildActionMask = 2147483647;
			files = (
				45BE5E3B19CE86C00056891F /* ViewController.swift in Sources */,
				4524F80419CF6C1800B7A6A7 /* WelcomeViewController.swift in Sources */,
				45BE5E5919CE87530056891F /* ScrollViewController.swift in Sources */,
				45BE5E3919CE86C00056891F /* AppDelegate.swift in Sources */,
			);
			runOnlyForDeploymentPostprocessing = 0;
		};
		45BE5E4419CE86C00056891F /* Sources */ = {
			isa = PBXSourcesBuildPhase;
			buildActionMask = 2147483647;
			files = (
				45BE5E4F19CE86C00056891F /* carouselApp_omTests.swift in Sources */,
			);
			runOnlyForDeploymentPostprocessing = 0;
		};
/* End PBXSourcesBuildPhase section */

/* Begin PBXTargetDependency section */
		45BE5E4A19CE86C00056891F /* PBXTargetDependency */ = {
			isa = PBXTargetDependency;
			target = 45BE5E3219CE86C00056891F /* carouselApp-om */;
			targetProxy = 45BE5E4919CE86C00056891F /* PBXContainerItemProxy */;
		};
/* End PBXTargetDependency section */

/* Begin PBXVariantGroup section */
		45BE5E3C19CE86C00056891F /* Main.storyboard */ = {
			isa = PBXVariantGroup;
			children = (
				45BE5E3D19CE86C00056891F /* Base */,
			);
			name = Main.storyboard;
			sourceTree = "<group>";
		};
		45BE5E4119CE86C00056891F /* LaunchScreen.xib */ = {
			isa = PBXVariantGroup;
			children = (
				45BE5E4219CE86C00056891F /* Base */,
			);
			name = LaunchScreen.xib;
			sourceTree = "<group>";
		};
/* End PBXVariantGroup section */

/* Begin XCBuildConfiguration section */
		45BE5E5019CE86C00056891F /* Debug */ = {
			isa = XCBuildConfiguration;
			buildSettings = {
				ALWAYS_SEARCH_USER_PATHS = NO;
				CLANG_CXX_LANGUAGE_STANDARD = "gnu++0x";
				CLANG_CXX_LIBRARY = "libc++";
				CLANG_ENABLE_MODULES = YES;
				CLANG_ENABLE_OBJC_ARC = YES;
				CLANG_WARN_BOOL_CONVERSION = YES;
				CLANG_WARN_CONSTANT_CONVERSION = YES;
				CLANG_WARN_DIRECT_OBJC_ISA_USAGE = YES_ERROR;
				CLANG_WARN_EMPTY_BODY = YES;
				CLANG_WARN_ENUM_CONVERSION = YES;
				CLANG_WARN_INT_CONVERSION = YES;
				CLANG_WARN_OBJC_ROOT_CLASS = YES_ERROR;
				CLANG_WARN_UNREACHABLE_CODE = YES;
				CLANG_WARN__DUPLICATE_METHOD_MATCH = YES;
				"CODE_SIGN_IDENTITY[sdk=iphoneos*]" = "iPhone Developer";
				COPY_PHASE_STRIP = NO;
				ENABLE_STRICT_OBJC_MSGSEND = YES;
				GCC_C_LANGUAGE_STANDARD = gnu99;
				GCC_DYNAMIC_NO_PIC = NO;
				GCC_OPTIMIZATION_LEVEL = 0;
				GCC_PREPROCESSOR_DEFINITIONS = (
					"DEBUG=1",
					"$(inherited)",
				);
				GCC_SYMBOLS_PRIVATE_EXTERN = NO;
				GCC_WARN_64_TO_32_BIT_CONVERSION = YES;
				GCC_WARN_ABOUT_RETURN_TYPE = YES_ERROR;
				GCC_WARN_UNDECLARED_SELECTOR = YES;
				GCC_WARN_UNINITIALIZED_AUTOS = YES_AGGRESSIVE;
				GCC_WARN_UNUSED_FUNCTION = YES;
				GCC_WARN_UNUSED_VARIABLE = YES;
				IPHONEOS_DEPLOYMENT_TARGET = 8.0;
				MTL_ENABLE_DEBUG_INFO = YES;
				ONLY_ACTIVE_ARCH = YES;
				SDKROOT = iphoneos;
				SWIFT_OPTIMIZATION_LEVEL = "-Onone";
			};
			name = Debug;
		};
		45BE5E5119CE86C00056891F /* Release */ = {
			isa = XCBuildConfiguration;
			buildSettings = {
				ALWAYS_SEARCH_USER_PATHS = NO;
				CLANG_CXX_LANGUAGE_STANDARD = "gnu++0x";
				CLANG_CXX_LIBRARY = "libc++";
				CLANG_ENABLE_MODULES = YES;
				CLANG_ENABLE_OBJC_ARC = YES;
				CLANG_WARN_BOOL_CONVERSION = YES;
				CLANG_WARN_CONSTANT_CONVERSION = YES;
				CLANG_WARN_DIRECT_OBJC_ISA_USAGE = YES_ERROR;
				CLANG_WARN_EMPTY_BODY = YES;
				CLANG_WARN_ENUM_CONVERSION = YES;
				CLANG_WARN_INT_CONVERSION = YES;
				CLANG_WARN_OBJC_ROOT_CLASS = YES_ERROR;
				CLANG_WARN_UNREACHABLE_CODE = YES;
				CLANG_WARN__DUPLICATE_METHOD_MATCH = YES;
				"CODE_SIGN_IDENTITY[sdk=iphoneos*]" = "iPhone Developer";
				COPY_PHASE_STRIP = YES;
				ENABLE_NS_ASSERTIONS = NO;
				ENABLE_STRICT_OBJC_MSGSEND = YES;
				GCC_C_LANGUAGE_STANDARD = gnu99;
				GCC_WARN_64_TO_32_BIT_CONVERSION = YES;
				GCC_WARN_ABOUT_RETURN_TYPE = YES_ERROR;
				GCC_WARN_UNDECLARED_SELECTOR = YES;
				GCC_WARN_UNINITIALIZED_AUTOS = YES_AGGRESSIVE;
				GCC_WARN_UNUSED_FUNCTION = YES;
				GCC_WARN_UNUSED_VARIABLE = YES;
				IPHONEOS_DEPLOYMENT_TARGET = 8.0;
				MTL_ENABLE_DEBUG_INFO = NO;
				SDKROOT = iphoneos;
				VALIDATE_PRODUCT = YES;
			};
			name = Release;
		};
		45BE5E5319CE86C00056891F /* Debug */ = {
			isa = XCBuildConfiguration;
			buildSettings = {
				ASSETCATALOG_COMPILER_APPICON_NAME = AppIcon;
				INFOPLIST_FILE = "carouselApp-om/Info.plist";
				LD_RUNPATH_SEARCH_PATHS = "$(inherited) @executable_path/Frameworks";
				PRODUCT_NAME = "$(TARGET_NAME)";
			};
			name = Debug;
		};
		45BE5E5419CE86C00056891F /* Release */ = {
			isa = XCBuildConfiguration;
			buildSettings = {
				ASSETCATALOG_COMPILER_APPICON_NAME = AppIcon;
				INFOPLIST_FILE = "carouselApp-om/Info.plist";
				LD_RUNPATH_SEARCH_PATHS = "$(inherited) @executable_path/Frameworks";
				PRODUCT_NAME = "$(TARGET_NAME)";
			};
			name = Release;
		};
		45BE5E5619CE86C00056891F /* Debug */ = {
			isa = XCBuildConfiguration;
			buildSettings = {
				BUNDLE_LOADER = "$(TEST_HOST)";
				FRAMEWORK_SEARCH_PATHS = (
					"$(SDKROOT)/Developer/Library/Frameworks",
					"$(inherited)",
				);
				GCC_PREPROCESSOR_DEFINITIONS = (
					"DEBUG=1",
					"$(inherited)",
				);
				INFOPLIST_FILE = "carouselApp-omTests/Info.plist";
				LD_RUNPATH_SEARCH_PATHS = "$(inherited) @executable_path/Frameworks @loader_path/Frameworks";
				PRODUCT_NAME = "$(TARGET_NAME)";
				TEST_HOST = "$(BUILT_PRODUCTS_DIR)/carouselApp-om.app/carouselApp-om";
			};
			name = Debug;
		};
		45BE5E5719CE86C00056891F /* Release */ = {
			isa = XCBuildConfiguration;
			buildSettings = {
				BUNDLE_LOADER = "$(TEST_HOST)";
				FRAMEWORK_SEARCH_PATHS = (
					"$(SDKROOT)/Developer/Library/Frameworks",
					"$(inherited)",
				);
				INFOPLIST_FILE = "carouselApp-omTests/Info.plist";
				LD_RUNPATH_SEARCH_PATHS = "$(inherited) @executable_path/Frameworks @loader_path/Frameworks";
				PRODUCT_NAME = "$(TARGET_NAME)";
				TEST_HOST = "$(BUILT_PRODUCTS_DIR)/carouselApp-om.app/carouselApp-om";
			};
			name = Release;
		};
/* End XCBuildConfiguration section */

/* Begin XCConfigurationList section */
		45BE5E2E19CE86C00056891F /* Build configuration list for PBXProject "carouselApp-om" */ = {
			isa = XCConfigurationList;
			buildConfigurations = (
				45BE5E5019CE86C00056891F /* Debug */,
				45BE5E5119CE86C00056891F /* Release */,
			);
			defaultConfigurationIsVisible = 0;
			defaultConfigurationName = Release;
		};
		45BE5E5219CE86C00056891F /* Build configuration list for PBXNativeTarget "carouselApp-om" */ = {
			isa = XCConfigurationList;
			buildConfigurations = (
				45BE5E5319CE86C00056891F /* Debug */,
				45BE5E5419CE86C00056891F /* Release */,
			);
			defaultConfigurationIsVisible = 0;
			defaultConfigurationName = Release;
		};
		45BE5E5519CE86C00056891F /* Build configuration list for PBXNativeTarget "carouselApp-omTests" */ = {
			isa = XCConfigurationList;
			buildConfigurations = (
				45BE5E5619CE86C00056891F /* Debug */,
				45BE5E5719CE86C00056891F /* Release */,
			);
			defaultConfigurationIsVisible = 0;
			defaultConfigurationName = Release;
		};
/* End XCConfigurationList section */
	};
	rootObject = 45BE5E2B19CE86C00056891F /* Project object */;
}
